
Microsoft Visual Studio Solution File, Format Version 12.00
# Visual Studio Version 17
VisualStudioVersion = 17.9.34723.18
MinimumVisualStudioVersion = 10.0.40219.1
Project("{9A19103F-16F7-4668-BE54-9A1E7A4F7556}") = "ListadoPersonasAzureASP", "ListadoPersonasAzureASP\ListadoPersonasAzureASP.csproj", "{EE834FA2-5663-49E6-B0CE-12233F0C819D}"
EndProject
Project("{9A19103F-16F7-4668-BE54-9A1E7A4F7556}") = "DAL", "DAL\DAL.csproj", "{72FE5187-5AA8-454B-BF9B-5C11DC51C00C}"
EndProject
Project("{9A19103F-16F7-4668-BE54-9A1E7A4F7556}") = "Entities", "Entities\Entities.csproj", "{AA524EFF-F985-472E-90C5-BB05D724869A}"
EndProject
Project("{9A19103F-16F7-4668-BE54-9A1E7A4F7556}") = "BL", "BL\BL.csproj", "{883176E0-D689-48EE-914B-3BC276DC540C}"
EndProject
Project("{FAE04EC0-301F-11D3-BF4B-00C04F79EFBC}") = "ListadoPersonasAzureMAUI", "ListadoPersonasAzureMAUI\ListadoPersonasAzureMAUI.csproj", "{82751268-B35C-41B8-8EFB-C4D3322EA473}"
EndProject
Global
	GlobalSection(SolutionConfigurationPlatforms) = preSolution
		Debug|Any CPU = Debug|Any CPU
		Release|Any CPU = Release|Any CPU
	EndGlobalSection
	GlobalSection(ProjectConfigurationPlatforms) = postSolution
		{EE834FA2-5663-49E6-B0CE-12233F0C819D}.Debug|Any CPU.ActiveCfg = Debug|Any CPU
		{EE834FA2-5663-49E6-B0CE-12233F0C819D}.Debug|Any CPU.Build.0 = Debug|Any CPU
		{EE834FA2-5663-49E6-B0CE-12233F0C819D}.Release|Any CPU.ActiveCfg = Release|Any CPU
		{EE834FA2-5663-49E6-B0CE-12233F0C819D}.Release|Any CPU.Build.0 = Release|Any CPU
		{72FE5187-5AA8-454B-BF9B-5C11DC51C00C}.Debug|Any CPU.ActiveCfg = Debug|Any CPU
		{72FE5187-5AA8-454B-BF9B-5C11DC51C00C}.Debug|Any CPU.Build.0 = Debug|Any CPU
		{72FE5187-5AA8-454B-BF9B-5C11DC51C00C}.Release|Any CPU.ActiveCfg = Release|Any CPU
		{72FE5187-5AA8-454B-BF9B-5C11DC51C00C}.Release|Any CPU.Build.0 = Release|Any CPU
		{AA524EFF-F985-472E-90C5-BB05D724869A}.Debug|Any CPU.ActiveCfg = Debug|Any CPU
		{AA524EFF-F985-472E-90C5-BB05D724869A}.Debug|Any CPU.Build.0 = Debug|Any CPU
		{AA524EFF-F985-472E-90C5-BB05D724869A}.Release|Any CPU.ActiveCfg = Release|Any CPU
		{AA524EFF-F985-472E-90C5-BB05D724869A}.Release|Any CPU.Build.0 = Release|Any CPU
		{883176E0-D689-48EE-914B-3BC276DC540C}.Debug|Any CPU.ActiveCfg = Debug|Any CPU
		{883176E0-D689-48EE-914B-3BC276DC540C}.Debug|Any CPU.Build.0 = Debug|Any CPU
		{883176E0-D689-48EE-914B-3BC276DC540C}.Release|Any CPU.ActiveCfg = Release|Any CPU
		{883176E0-D689-48EE-914B-3BC276DC540C}.Release|Any CPU.Build.0 = Release|Any CPU
		{82751268-B35C-41B8-8EFB-C4D3322EA473}.Debug|Any CPU.ActiveCfg = Debug|Any CPU
		{82751268-B35C-41B8-8EFB-C4D3322EA473}.Debug|Any CPU.Build.0 = Debug|Any CPU
		{82751268-B35C-41B8-8EFB-C4D3322EA473}.Debug|Any CPU.Deploy.0 = Debug|Any CPU
		{82751268-B35C-41B8-8EFB-C4D3322EA473}.Release|Any CPU.ActiveCfg = Release|Any CPU
		{82751268-B35C-41B8-8EFB-C4D3322EA473}.Release|Any CPU.Build.0 = Release|Any CPU
		{82751268-B35C-41B8-8EFB-C4D3322EA473}.Release|Any CPU.Deploy.0 = Release|Any CPU
	EndGlobalSection
	GlobalSection(SolutionProperties) = preSolution
		HideSolutionNode = FALSE
	EndGlobalSection
	GlobalSection(ExtensibilityGlobals) = postSolution
		SolutionGuid = {52283271-1C17-4DDF-AAC6-633780953342}
	EndGlobalSection
EndGlobal
